{
  "name": "tsuredure",
  "version": "1.0.0",
  "lockfileVersion": 1,
  "requires": true,
  "dependencies": {
    "vue": {
      "version": "2.6.10",
      "resolved": "https://registry.npmjs.org/vue/-/vue-2.6.10.tgz",
      "integrity": "sha512-ImThpeNU9HbdZL3utgMCq0oiMzAkt1mcgy3/E6zWC/G6AaQoeuFdsl9nDhTDU3X1R6FK7nsIUuRACVcjI+A2GQ=="
    },
    "vue-router": {
      "version": "2.8.1",
      "resolved": "https://registry.npmjs.org/vue-router/-/vue-router-2.8.1.tgz",
      "integrity": "sha512-MC4jacHBhTPKtmcfzvaj2N7g6jgJ/Z/eIjZdt+yUaUOM1iKC0OUIlO/xCtz6OZFFTNUJs/1YNro2GN/lE+nOXA=="
    }
  }
}
